
Microsoft Visual Studio Solution File, Format Version 12.00
# Visual Studio Version 16
VisualStudioVersion = 16.0.30503.244
MinimumVisualStudioVersion = 10.0.40219.1
Project("{9A19103F-16F7-4668-BE54-9A1E7A4F7556}") = "ShipPositionScraper", "ShipPositionScraper\ShipPositionScraper.csproj", "{9A4121F6-DD50-42C0-8F9D-7E9F5F6B29E1}"
EndProject
Project("{9A19103F-16F7-4668-BE54-9A1E7A4F7556}") = "Webscraper_Softuni", "Webscraper_Softuni\Webscraper_Softuni.csproj", "{E629E3B4-DFD9-4117-8A92-690BA05C746B}"
EndProject
Project("{9A19103F-16F7-4668-BE54-9A1E7A4F7556}") = "ImotBgDataScraper", "ImotBgDataScraper\ImotBgDataScraper.csproj", "{2D40DF75-788F-4282-BCA5-EDB605BBBA87}"
EndProject
Project("{FAE04EC0-301F-11D3-BF4B-00C04F79EFBC}") = "SeleniumWebScraper", "SeleniumWebScraper\SeleniumWebScraper.csproj", "{1BAEFBC6-6E74-44C7-8373-0407D96AF49D}"
EndProject
Global
	GlobalSection(SolutionConfigurationPlatforms) = preSolution
		Debug|Any CPU = Debug|Any CPU
		Release|Any CPU = Release|Any CPU
	EndGlobalSection
	GlobalSection(ProjectConfigurationPlatforms) = postSolution
		{9A4121F6-DD50-42C0-8F9D-7E9F5F6B29E1}.Debug|Any CPU.ActiveCfg = Debug|Any CPU
		{9A4121F6-DD50-42C0-8F9D-7E9F5F6B29E1}.Debug|Any CPU.Build.0 = Debug|Any CPU
		{9A4121F6-DD50-42C0-8F9D-7E9F5F6B29E1}.Release|Any CPU.ActiveCfg = Release|Any CPU
		{9A4121F6-DD50-42C0-8F9D-7E9F5F6B29E1}.Release|Any CPU.Build.0 = Release|Any CPU
		{E629E3B4-DFD9-4117-8A92-690BA05C746B}.Debug|Any CPU.ActiveCfg = Debug|Any CPU
		{E629E3B4-DFD9-4117-8A92-690BA05C746B}.Debug|Any CPU.Build.0 = Debug|Any CPU
		{E629E3B4-DFD9-4117-8A92-690BA05C746B}.Release|Any CPU.ActiveCfg = Release|Any CPU
		{E629E3B4-DFD9-4117-8A92-690BA05C746B}.Release|Any CPU.Build.0 = Release|Any CPU
		{2D40DF75-788F-4282-BCA5-EDB605BBBA87}.Debug|Any CPU.ActiveCfg = Debug|Any CPU
		{2D40DF75-788F-4282-BCA5-EDB605BBBA87}.Debug|Any CPU.Build.0 = Debug|Any CPU
		{2D40DF75-788F-4282-BCA5-EDB605BBBA87}.Release|Any CPU.ActiveCfg = Release|Any CPU
		{2D40DF75-788F-4282-BCA5-EDB605BBBA87}.Release|Any CPU.Build.0 = Release|Any CPU
		{1BAEFBC6-6E74-44C7-8373-0407D96AF49D}.Debug|Any CPU.ActiveCfg = Debug|Any CPU
		{1BAEFBC6-6E74-44C7-8373-0407D96AF49D}.Debug|Any CPU.Build.0 = Debug|Any CPU
		{1BAEFBC6-6E74-44C7-8373-0407D96AF49D}.Release|Any CPU.ActiveCfg = Release|Any CPU
		{1BAEFBC6-6E74-44C7-8373-0407D96AF49D}.Release|Any CPU.Build.0 = Release|Any CPU
	EndGlobalSection
	GlobalSection(SolutionProperties) = preSolution
		HideSolutionNode = FALSE
	EndGlobalSection
	GlobalSection(ExtensibilityGlobals) = postSolution
		SolutionGuid = {0DB5037E-B9C0-4906-B6F6-58DFB3B09458}
	EndGlobalSection
EndGlobal
